
Microsoft Visual Studio Solution File, Format Version 12.00
# Visual Studio 14
VisualStudioVersion = 14.0.23107.0
MinimumVisualStudioVersion = 10.0.40219.1
Project("{FAE04EC0-301F-11D3-BF4B-00C04F79EFBC}") = "AppEuler", "AppEuler\AppEuler.csproj", "{A8C037BC-2C57-4651-9F3E-F4D3FCB695C6}"
EndProject
Project("{FAE04EC0-301F-11D3-BF4B-00C04F79EFBC}") = "AppEulerTest", "AppEulerTest\AppEulerTest.csproj", "{49B2E804-7B65-4A1A-B5C5-AF025D1450B0}"
EndProject
Global
	GlobalSection(SolutionConfigurationPlatforms) = preSolution
		Debug|Any CPU = Debug|Any CPU
		Release|Any CPU = Release|Any CPU
	EndGlobalSection
	GlobalSection(ProjectConfigurationPlatforms) = postSolution
		{A8C037BC-2C57-4651-9F3E-F4D3FCB695C6}.Debug|Any CPU.ActiveCfg = Debug|Any CPU
		{A8C037BC-2C57-4651-9F3E-F4D3FCB695C6}.Debug|Any CPU.Build.0 = Debug|Any CPU
		{A8C037BC-2C57-4651-9F3E-F4D3FCB695C6}.Release|Any CPU.ActiveCfg = Release|Any CPU
		{A8C037BC-2C57-4651-9F3E-F4D3FCB695C6}.Release|Any CPU.Build.0 = Release|Any CPU
		{49B2E804-7B65-4A1A-B5C5-AF025D1450B0}.Debug|Any CPU.ActiveCfg = Debug|Any CPU
		{49B2E804-7B65-4A1A-B5C5-AF025D1450B0}.Debug|Any CPU.Build.0 = Debug|Any CPU
		{49B2E804-7B65-4A1A-B5C5-AF025D1450B0}.Release|Any CPU.ActiveCfg = Release|Any CPU
		{49B2E804-7B65-4A1A-B5C5-AF025D1450B0}.Release|Any CPU.Build.0 = Release|Any CPU
	EndGlobalSection
	GlobalSection(SolutionProperties) = preSolution
		HideSolutionNode = FALSE
	EndGlobalSection
EndGlobal
